<?xml version="1.0" encoding="utf-8"?>
<Project ToolsVersion="4.0" xmlns="http://schemas.microsoft.com/developer/msbuild/2003">
  <ItemGroup>
    <Filter Include="Header Files">
      <UniqueIdentifier>{0a855fab-4489-4a84-b768-e4a6d3711ab9}</UniqueIdentifier>
    </Filter>
    <Filter Include="Source Files">
      <UniqueIdentifier>{11bbb56c-68de-4e40-aa2c-9a41790ec595}</UniqueIdentifier>
    </Filter>
    <Filter Include="TwinCAT UM Files">
      <UniqueIdentifier>{fe5accd3-166f-4a64-88e0-148d345ac1af}</UniqueIdentifier>
    </Filter>
    <Filter Include="TwinCAT RT Files">
      <UniqueIdentifier>{2df610eb-41d8-46a2-84a8-cf487f03d8cc}</UniqueIdentifier>
    </Filter>
    <Filter Include="TwinCAT OS Files">
      <UniqueIdentifier>{f1dcf781-ada3-4811-af9a-ef69476fb148}</UniqueIdentifier>
    </Filter>
    <Filter Include="TMC Files">
      <UniqueIdentifier>{566a6da1-904f-4cf6-a902-fdc047fecc20}</UniqueIdentifier>
    </Filter>
  </ItemGroup>
  <ItemGroup>
    <ClInclude Include="Resource.h">
      <Filter>TwinCAT UM Files</Filter>
    </ClInclude>
    <ClInclude Include="TcPch.h">
      <Filter>Header Files</Filter>
    </ClInclude>
    <ClInclude Include="PJ_LinkClassFactory.h">
      <Filter>Header Files</Filter>
    </ClInclude>
    <ClInclude Include="PJ_LinkInterfaces.h">
      <Filter>Header Files</Filter>
    </ClInclude>
    <ClInclude Include="PJ_LinkServices.h">
      <Filter>Header Files</Filter>
    </ClInclude>
    <ClInclude Include="PJ_LinkCtrl.h">
      <Filter>TwinCAT UM Files</Filter>
    </ClInclude>
    <ClInclude Include="PJ_LinkDriver.h">
      <Filter>TwinCAT RT Files</Filter>
    </ClInclude>
    <ClInclude Include="PJ_Link_Client.h">
      <Filter>Header Files</Filter>
    </ClInclude>
    <ClInclude Include="TON.h">
      <Filter>Header Files</Filter>
    </ClInclude>
    <ClInclude Include="md5.h">
      <Filter>Header Files</Filter>
    </ClInclude>
    <ClInclude Include="md5_loc.h">
      <Filter>Header Files</Filter>
    </ClInclude>
  </ItemGroup>
  <ItemGroup>
    <ClCompile Include="TcPch.cpp">
      <Filter>Source Files</Filter>
    </ClCompile>
    <ClCompile Include="PJ_LinkClassFactory.cpp">
      <Filter>Source Files</Filter>
    </ClCompile>
    <ClCompile Include="PJ_LinkCtrl.cpp">
      <Filter>TwinCAT UM Files</Filter>
    </ClCompile>
    <ClCompile Include="PJ_LinkW32.cpp">
      <Filter>TwinCAT UM Files</Filter>
    </ClCompile>
    <ClCompile Include="PJ_LinkDriver.cpp">
      <Filter>TwinCAT RT Files</Filter>
    </ClCompile>
    <ClCompile Include="PJ_LinkMain.cpp">
      <Filter>TwinCAT OS Files</Filter>
    </ClCompile>
    <ClCompile Include="PJ_Link_Client.cpp">
      <Filter>Source Files</Filter>
    </ClCompile>
    <ClCompile Include="TON.cpp">
      <Filter>Source Files</Filter>
    </ClCompile>
    <ClCompile Include="md5.cpp">
      <Filter>Source Files</Filter>
    </ClCompile>
  </ItemGroup>
  <ItemGroup>
    <ResourceCompile Include="PJ_Link.rc">
      <Filter>Source Files</Filter>
    </ResourceCompile>
    <ResourceCompile Include="PJ_LinkW32.rc">
      <Filter>TwinCAT UM Files</Filter>
    </ResourceCompile>
  </ItemGroup>
  <ItemGroup>
    <None Include="PJ_LinkW32.def">
      <Filter>TwinCAT UM Files</Filter>
    </None>
    <None Include="PJ_Link.tmc">
      <Filter>TMC Files</Filter>
    </None>
  </ItemGroup>
  <ItemGroup>
    <Midl Include="PJ_LinkW32.idl">
      <Filter>TwinCAT UM Files</Filter>
    </Midl>
  </ItemGroup>
</Project>